
Microsoft Visual Studio Solution File, Format Version 12.00
# Visual Studio 15
VisualStudioVersion = 15.0.28307.168
MinimumVisualStudioVersion = 10.0.40219.1
Project("{FAE04EC0-301F-11D3-BF4B-00C04F79EFBC}") = "Proxy", "Proxy\Proxy.csproj", "{00CB9B16-3B7D-4299-AD41-CA217E019216}"
EndProject
Global
	GlobalSection(SolutionConfigurationPlatforms) = preSolution
		Debug|Any CPU = Debug|Any CPU
		Release|Any CPU = Release|Any CPU
	EndGlobalSection
	GlobalSection(ProjectConfigurationPlatforms) = postSolution
		{00CB9B16-3B7D-4299-AD41-CA217E019216}.Debug|Any CPU.ActiveCfg = Debug|Any CPU
		{00CB9B16-3B7D-4299-AD41-CA217E019216}.Debug|Any CPU.Build.0 = Debug|Any CPU
		{00CB9B16-3B7D-4299-AD41-CA217E019216}.Release|Any CPU.ActiveCfg = Release|Any CPU
		{00CB9B16-3B7D-4299-AD41-CA217E019216}.Release|Any CPU.Build.0 = Release|Any CPU
	EndGlobalSection
	GlobalSection(SolutionProperties) = preSolution
		HideSolutionNode = FALSE
	EndGlobalSection
	GlobalSection(ExtensibilityGlobals) = postSolution
		SolutionGuid = {3666BF58-D58F-48B6-A426-7808C1A186F8}
	EndGlobalSection
EndGlobal
